
Microsoft Visual Studio Solution File, Format Version 12.00
# Visual Studio Version 17
VisualStudioVersion = 17.5.002.0
MinimumVisualStudioVersion = 10.0.40219.1
Project("{9A19103F-16F7-4668-BE54-9A1E7A4F7556}") = "dotnet8-webapi-auth", "dotnet8-webapi-auth.csproj", "{46102967-D913-4F1E-A317-CAD4805AC8E3}"
EndProject
Global
	GlobalSection(SolutionConfigurationPlatforms) = preSolution
		Debug|Any CPU = Debug|Any CPU
		Release|Any CPU = Release|Any CPU
	EndGlobalSection
	GlobalSection(ProjectConfigurationPlatforms) = postSolution
		{46102967-D913-4F1E-A317-CAD4805AC8E3}.Debug|Any CPU.ActiveCfg = Debug|Any CPU
		{46102967-D913-4F1E-A317-CAD4805AC8E3}.Debug|Any CPU.Build.0 = Debug|Any CPU
		{46102967-D913-4F1E-A317-CAD4805AC8E3}.Release|Any CPU.ActiveCfg = Release|Any CPU
		{46102967-D913-4F1E-A317-CAD4805AC8E3}.Release|Any CPU.Build.0 = Release|Any CPU
	EndGlobalSection
	GlobalSection(SolutionProperties) = preSolution
		HideSolutionNode = FALSE
	EndGlobalSection
	GlobalSection(ExtensibilityGlobals) = postSolution
		SolutionGuid = {97E3AA79-FAB5-46B8-A3F7-FCD7AA7BA412}
	EndGlobalSection
EndGlobal
